{
  "name": "aoe2-local-recording-reader",
  "lockfileVersion": 3,
  "requires": true,
  "packages": {
    "": {
      "name": "aoe2-local-recording-reader",
      "dependencies": {
        "agelens": "0.1.1"
      }
    },
    "node_modules/agelens": {
      "version": "0.1.1",
      "resolved": "https://registry.npmjs.org/agelens/-/agelens-0.1.1.tgz",
      "integrity": "sha512-vDBH64owNH2Em/0h2Xdi+lf6fIQQddjnulCO/ukJAfIzkQ4leolx7LhNwK2R0A6yXwpiN+U0lbPr45uboQ8vyw==",
      "license": "MIT",
      "dependencies": {
        "fflate": "^0.8.2"
      },
      "engines": {
        "node": ">=18"
      }
    },
    "node_modules/fflate": {
      "version": "0.8.3",
      "resolved": "https://registry.npmjs.org/fflate/-/fflate-0.8.3.tgz",
      "integrity": "sha512-tbZNuJrLwGUp3zshBtdy4W+ORxZuIh8a5ilyIEQDC5rY1f3U20JMry0Ll3WBzU58EZKsEuJFXhb5gwv8CsPvgA==",
      "license": "MIT"
    }
  }
}
